
Microsoft Visual Studio Solution File, Format Version 12.00
# Visual Studio Version 17
VisualStudioVersion = 17.1.32319.34
MinimumVisualStudioVersion = 10.0.40219.1
Project("{FAE04EC0-301F-11D3-BF4B-00C04F79EFBC}") = "Recanto das Ideias.Android", "Recanto das Ideias.Android\Recanto das Ideias.Android.csproj", "{5550AB3A-4E17-4CA5-9CD7-F24FA04DFAC3}"
EndProject
Project("{FAE04EC0-301F-11D3-BF4B-00C04F79EFBC}") = "Recanto das Ideias.iOS", "Recanto das Ideias.iOS\Recanto das Ideias.iOS.csproj", "{9BF86E08-86B8-46A8-B865-CE184F5A357F}"
EndProject
Project("{FAE04EC0-301F-11D3-BF4B-00C04F79EFBC}") = "Recanto das Ideias", "Recanto das Ideias\Recanto das Ideias.csproj", "{0086B549-922C-424D-BA2A-7623AD5C4A6A}"
EndProject
Global
	GlobalSection(SolutionConfigurationPlatforms) = preSolution
		Debug|Any CPU = Debug|Any CPU
		Debug|iPhone = Debug|iPhone
		Debug|iPhoneSimulator = Debug|iPhoneSimulator
		Release|Any CPU = Release|Any CPU
		Release|iPhone = Release|iPhone
		Release|iPhoneSimulator = Release|iPhoneSimulator
	EndGlobalSection
	GlobalSection(ProjectConfigurationPlatforms) = postSolution
		{5550AB3A-4E17-4CA5-9CD7-F24FA04DFAC3}.Debug|Any CPU.ActiveCfg = Debug|Any CPU
		{5550AB3A-4E17-4CA5-9CD7-F24FA04DFAC3}.Debug|Any CPU.Build.0 = Debug|Any CPU
		{5550AB3A-4E17-4CA5-9CD7-F24FA04DFAC3}.Debug|Any CPU.Deploy.0 = Debug|Any CPU
		{5550AB3A-4E17-4CA5-9CD7-F24FA04DFAC3}.Debug|iPhone.ActiveCfg = Debug|Any CPU
		{5550AB3A-4E17-4CA5-9CD7-F24FA04DFAC3}.Debug|iPhone.Build.0 = Debug|Any CPU
		{5550AB3A-4E17-4CA5-9CD7-F24FA04DFAC3}.Debug|iPhone.Deploy.0 = Debug|Any CPU
		{5550AB3A-4E17-4CA5-9CD7-F24FA04DFAC3}.Debug|iPhoneSimulator.ActiveCfg = Debug|Any CPU
		{5550AB3A-4E17-4CA5-9CD7-F24FA04DFAC3}.Debug|iPhoneSimulator.Build.0 = Debug|Any CPU
		{5550AB3A-4E17-4CA5-9CD7-F24FA04DFAC3}.Debug|iPhoneSimulator.Deploy.0 = Debug|Any CPU
		{5550AB3A-4E17-4CA5-9CD7-F24FA04DFAC3}.Release|Any CPU.ActiveCfg = Release|Any CPU
		{5550AB3A-4E17-4CA5-9CD7-F24FA04DFAC3}.Release|Any CPU.Build.0 = Release|Any CPU
		{5550AB3A-4E17-4CA5-9CD7-F24FA04DFAC3}.Release|Any CPU.Deploy.0 = Release|Any CPU
		{5550AB3A-4E17-4CA5-9CD7-F24FA04DFAC3}.Release|iPhone.ActiveCfg = Release|Any CPU
		{5550AB3A-4E17-4CA5-9CD7-F24FA04DFAC3}.Release|iPhone.Build.0 = Release|Any CPU
		{5550AB3A-4E17-4CA5-9CD7-F24FA04DFAC3}.Release|iPhone.Deploy.0 = Release|Any CPU
		{5550AB3A-4E17-4CA5-9CD7-F24FA04DFAC3}.Release|iPhoneSimulator.ActiveCfg = Release|Any CPU
		{5550AB3A-4E17-4CA5-9CD7-F24FA04DFAC3}.Release|iPhoneSimulator.Build.0 = Release|Any CPU
		{5550AB3A-4E17-4CA5-9CD7-F24FA04DFAC3}.Release|iPhoneSimulator.Deploy.0 = Release|Any CPU
		{9BF86E08-86B8-46A8-B865-CE184F5A357F}.Debug|Any CPU.ActiveCfg = Debug|iPhone
		{9BF86E08-86B8-46A8-B865-CE184F5A357F}.Debug|Any CPU.Build.0 = Debug|iPhone
		{9BF86E08-86B8-46A8-B865-CE184F5A357F}.Debug|Any CPU.Deploy.0 = Debug|iPhone
		{9BF86E08-86B8-46A8-B865-CE184F5A357F}.Debug|iPhone.ActiveCfg = Debug|iPhone
		{9BF86E08-86B8-46A8-B865-CE184F5A357F}.Debug|iPhone.Build.0 = Debug|iPhone
		{9BF86E08-86B8-46A8-B865-CE184F5A357F}.Debug|iPhone.Deploy.0 = Debug|iPhone
		{9BF86E08-86B8-46A8-B865-CE184F5A357F}.Debug|iPhoneSimulator.ActiveCfg = Debug|iPhoneSimulator
		{9BF86E08-86B8-46A8-B865-CE184F5A357F}.Debug|iPhoneSimulator.Build.0 = Debug|iPhoneSimulator
		{9BF86E08-86B8-46A8-B865-CE184F5A357F}.Debug|iPhoneSimulator.Deploy.0 = Debug|iPhoneSimulator
		{9BF86E08-86B8-46A8-B865-CE184F5A357F}.Release|Any CPU.ActiveCfg = Release|iPhoneSimulator
		{9BF86E08-86B8-46A8-B865-CE184F5A357F}.Release|Any CPU.Build.0 = Release|iPhoneSimulator
		{9BF86E08-86B8-46A8-B865-CE184F5A357F}.Release|Any CPU.Deploy.0 = Release|iPhoneSimulator
		{9BF86E08-86B8-46A8-B865-CE184F5A357F}.Release|iPhone.ActiveCfg = Release|iPhone
		{9BF86E08-86B8-46A8-B865-CE184F5A357F}.Release|iPhone.Build.0 = Release|iPhone
		{9BF86E08-86B8-46A8-B865-CE184F5A357F}.Release|iPhone.Deploy.0 = Release|iPhone
		{9BF86E08-86B8-46A8-B865-CE184F5A357F}.Release|iPhoneSimulator.ActiveCfg = Release|iPhoneSimulator
		{9BF86E08-86B8-46A8-B865-CE184F5A357F}.Release|iPhoneSimulator.Build.0 = Release|iPhoneSimulator
		{9BF86E08-86B8-46A8-B865-CE184F5A357F}.Release|iPhoneSimulator.Deploy.0 = Release|iPhoneSimulator
		{0086B549-922C-424D-BA2A-7623AD5C4A6A}.Debug|Any CPU.ActiveCfg = Debug|Any CPU
		{0086B549-922C-424D-BA2A-7623AD5C4A6A}.Debug|Any CPU.Build.0 = Debug|Any CPU
		{0086B549-922C-424D-BA2A-7623AD5C4A6A}.Debug|Any CPU.Deploy.0 = Debug|Any CPU
		{0086B549-922C-424D-BA2A-7623AD5C4A6A}.Debug|iPhone.ActiveCfg = Debug|Any CPU
		{0086B549-922C-424D-BA2A-7623AD5C4A6A}.Debug|iPhone.Build.0 = Debug|Any CPU
		{0086B549-922C-424D-BA2A-7623AD5C4A6A}.Debug|iPhone.Deploy.0 = Debug|Any CPU
		{0086B549-922C-424D-BA2A-7623AD5C4A6A}.Debug|iPhoneSimulator.ActiveCfg = Debug|Any CPU
		{0086B549-922C-424D-BA2A-7623AD5C4A6A}.Debug|iPhoneSimulator.Build.0 = Debug|Any CPU
		{0086B549-922C-424D-BA2A-7623AD5C4A6A}.Debug|iPhoneSimulator.Deploy.0 = Debug|Any CPU
		{0086B549-922C-424D-BA2A-7623AD5C4A6A}.Release|Any CPU.ActiveCfg = Release|Any CPU
		{0086B549-922C-424D-BA2A-7623AD5C4A6A}.Release|Any CPU.Build.0 = Release|Any CPU
		{0086B549-922C-424D-BA2A-7623AD5C4A6A}.Release|Any CPU.Deploy.0 = Release|Any CPU
		{0086B549-922C-424D-BA2A-7623AD5C4A6A}.Release|iPhone.ActiveCfg = Release|Any CPU
		{0086B549-922C-424D-BA2A-7623AD5C4A6A}.Release|iPhone.Build.0 = Release|Any CPU
		{0086B549-922C-424D-BA2A-7623AD5C4A6A}.Release|iPhone.Deploy.0 = Release|Any CPU
		{0086B549-922C-424D-BA2A-7623AD5C4A6A}.Release|iPhoneSimulator.ActiveCfg = Release|Any CPU
		{0086B549-922C-424D-BA2A-7623AD5C4A6A}.Release|iPhoneSimulator.Build.0 = Release|Any CPU
		{0086B549-922C-424D-BA2A-7623AD5C4A6A}.Release|iPhoneSimulator.Deploy.0 = Release|Any CPU
	EndGlobalSection
	GlobalSection(SolutionProperties) = preSolution
		HideSolutionNode = FALSE
	EndGlobalSection
	GlobalSection(ExtensibilityGlobals) = postSolution
		SolutionGuid = {8966CBF3-2F18-46FA-834E-74CA73FBC152}
	EndGlobalSection
EndGlobal
